
Microsoft Visual Studio Solution File, Format Version 12.00
# Visual Studio Version 16
VisualStudioVersion = 16.0.809.3
MinimumVisualStudioVersion = 10.0.40219.1
Project("{FAE04EC0-301F-11D3-BF4B-00C04F79EFBC}") = "FhirQuestionnairePoc", "FhirQuestionnairePoc\FhirQuestionnairePoc.csproj", "{0806C449-FD34-42D5-967E-A9FD76882C0D}"
EndProject
Global
	GlobalSection(SolutionConfigurationPlatforms) = preSolution
		Debug|Any CPU = Debug|Any CPU
		Release|Any CPU = Release|Any CPU
	EndGlobalSection
	GlobalSection(ProjectConfigurationPlatforms) = postSolution
		{0806C449-FD34-42D5-967E-A9FD76882C0D}.Debug|Any CPU.ActiveCfg = Debug|Any CPU
		{0806C449-FD34-42D5-967E-A9FD76882C0D}.Debug|Any CPU.Build.0 = Debug|Any CPU
		{0806C449-FD34-42D5-967E-A9FD76882C0D}.Release|Any CPU.ActiveCfg = Release|Any CPU
		{0806C449-FD34-42D5-967E-A9FD76882C0D}.Release|Any CPU.Build.0 = Release|Any CPU
	EndGlobalSection
	GlobalSection(SolutionProperties) = preSolution
		HideSolutionNode = FALSE
	EndGlobalSection
	GlobalSection(ExtensibilityGlobals) = postSolution
		SolutionGuid = {7E193B46-EF02-4896-9720-E9379CF118DF}
	EndGlobalSection
EndGlobal
